
Microsoft Visual Studio Solution File, Format Version 12.00
# Visual Studio Version 16
VisualStudioVersion = 16.0.31313.79
MinimumVisualStudioVersion = 10.0.40219.1
Project("{FAE04EC0-301F-11D3-BF4B-00C04F79EFBC}") = "UzduotisEPS", "UzduotisEPS\UzduotisEPS.csproj", "{1D29099A-DD95-487C-8334-4A6B06788119}"
EndProject
Project("{FAE04EC0-301F-11D3-BF4B-00C04F79EFBC}") = "Application", "Application\Application.csproj", "{9A4B6C31-080C-4386-A78A-CEF55BF35348}"
EndProject
Project("{FAE04EC0-301F-11D3-BF4B-00C04F79EFBC}") = "Database", "Database\Database.csproj", "{08E4A9F5-DEE8-4CAF-89B3-C15392E189F4}"
EndProject
Global
	GlobalSection(SolutionConfigurationPlatforms) = preSolution
		Debug|Any CPU = Debug|Any CPU
		Release|Any CPU = Release|Any CPU
	EndGlobalSection
	GlobalSection(ProjectConfigurationPlatforms) = postSolution
		{1D29099A-DD95-487C-8334-4A6B06788119}.Debug|Any CPU.ActiveCfg = Debug|Any CPU
		{1D29099A-DD95-487C-8334-4A6B06788119}.Debug|Any CPU.Build.0 = Debug|Any CPU
		{1D29099A-DD95-487C-8334-4A6B06788119}.Release|Any CPU.ActiveCfg = Release|Any CPU
		{1D29099A-DD95-487C-8334-4A6B06788119}.Release|Any CPU.Build.0 = Release|Any CPU
		{9A4B6C31-080C-4386-A78A-CEF55BF35348}.Debug|Any CPU.ActiveCfg = Debug|Any CPU
		{9A4B6C31-080C-4386-A78A-CEF55BF35348}.Debug|Any CPU.Build.0 = Debug|Any CPU
		{9A4B6C31-080C-4386-A78A-CEF55BF35348}.Release|Any CPU.ActiveCfg = Release|Any CPU
		{9A4B6C31-080C-4386-A78A-CEF55BF35348}.Release|Any CPU.Build.0 = Release|Any CPU
		{08E4A9F5-DEE8-4CAF-89B3-C15392E189F4}.Debug|Any CPU.ActiveCfg = Debug|Any CPU
		{08E4A9F5-DEE8-4CAF-89B3-C15392E189F4}.Debug|Any CPU.Build.0 = Debug|Any CPU
		{08E4A9F5-DEE8-4CAF-89B3-C15392E189F4}.Release|Any CPU.ActiveCfg = Release|Any CPU
		{08E4A9F5-DEE8-4CAF-89B3-C15392E189F4}.Release|Any CPU.Build.0 = Release|Any CPU
	EndGlobalSection
	GlobalSection(SolutionProperties) = preSolution
		HideSolutionNode = FALSE
	EndGlobalSection
	GlobalSection(ExtensibilityGlobals) = postSolution
		SolutionGuid = {22E4BC89-BA9B-4998-93A9-9C82E8DECEC9}
	EndGlobalSection
EndGlobal
